version = 1
revision = 2
requires-python = "==3.11.*"

[[package]]
name = "autopep8"
version = "2.3.2"
source = { registry = "https://pypi.org/simple" }
dependencies = [
    { name = "pycodestyle" },
]
sdist = { url = "https://files.pythonhosted.org/packages/50/d8/30873d2b7b57dee9263e53d142da044c4600a46f2d28374b3e38b023df16/autopep8-2.3.2.tar.gz", hash = "sha256:89440a4f969197b69a995e4ce0661b031f455a9f776d2c5ba3dbd83466931758", size = 92210, upload-time = "2025-01-14T14:46:18.454Z" }
wheels = [
    { url = "https://files.pythonhosted.org/packages/9e/43/53afb8ba17218f19b77c7834128566c5bbb100a0ad9ba2e8e89d089d7079/autopep8-2.3.2-py2.py3-none-any.whl", hash = "sha256:ce8ad498672c845a0c3de2629c15b635ec2b05ef8177a6e7c91c74f3e9b51128", size = 45807, upload-time = "2025-01-14T14:46:15.466Z" },
]

[[package]]
name = "certifi"
version = "2025.7.14"
source = { registry = "https://pypi.org/simple" }
sdist = { url = "https://files.pythonhosted.org/packages/b3/76/52c535bcebe74590f296d6c77c86dabf761c41980e1347a2422e4aa2ae41/certifi-2025.7.14.tar.gz", hash = "sha256:8ea99dbdfaaf2ba2f9bac77b9249ef62ec5218e7c2b2e903378ed5fccf765995", size = 163981, upload-time = "2025-07-14T03:29:28.449Z" }
wheels = [
    { url = "https://files.pythonhosted.org/packages/4f/52/34c6cf5bb9285074dc3531c437b3919e825d976fde097a7a73f79e726d03/certifi-2025.7.14-py3-none-any.whl", hash = "sha256:6b31f564a415d79ee77df69d757bb49a5bb53bd9f756cbbe24394ffd6fc1f4b2", size = 162722, upload-time = "2025-07-14T03:29:26.863Z" },
]

[[package]]
name = "charset-normalizer"
version = "3.4.2"
source = { registry = "https://pypi.org/simple" }
sdist = { url = "https://files.pythonhosted.org/packages/e4/33/89c2ced2b67d1c2a61c19c6751aa8902d46ce3dacb23600a283619f5a12d/charset_normalizer-3.4.2.tar.gz", hash = "sha256:5baececa9ecba31eff645232d59845c07aa030f0c81ee70184a90d35099a0e63", size = 126367, upload-time = "2025-05-02T08:34:42.01Z" }
wheels = [
    { url = "https://files.pythonhosted.org/packages/05/85/4c40d00dcc6284a1c1ad5de5e0996b06f39d8232f1031cd23c2f5c07ee86/charset_normalizer-3.4.2-cp311-cp311-macosx_10_9_universal2.whl", hash = "sha256:be1e352acbe3c78727a16a455126d9ff83ea2dfdcbc83148d2982305a04714c2", size = 198794, upload-time = "2025-05-02T08:32:11.945Z" },
    { url = "https://files.pythonhosted.org/packages/41/d9/7a6c0b9db952598e97e93cbdfcb91bacd89b9b88c7c983250a77c008703c/charset_normalizer-3.4.2-cp311-cp311-manylinux_2_17_aarch64.manylinux2014_aarch64.whl", hash = "sha256:aa88ca0b1932e93f2d961bf3addbb2db902198dca337d88c89e1559e066e7645", size = 142846, upload-time = "2025-05-02T08:32:13.946Z" },
    { url = "https://files.pythonhosted.org/packages/66/82/a37989cda2ace7e37f36c1a8ed16c58cf48965a79c2142713244bf945c89/charset_normalizer-3.4.2-cp311-cp311-manylinux_2_17_ppc64le.manylinux2014_ppc64le.whl", hash = "sha256:d524ba3f1581b35c03cb42beebab4a13e6cdad7b36246bd22541fa585a56cccd", size = 153350, upload-time = "2025-05-02T08:32:15.873Z" },
    { url = "https://files.pythonhosted.org/packages/df/68/a576b31b694d07b53807269d05ec3f6f1093e9545e8607121995ba7a8313/charset_normalizer-3.4.2-cp311-cp311-manylinux_2_17_s390x.manylinux2014_s390x.whl", hash = "sha256:28a1005facc94196e1fb3e82a3d442a9d9110b8434fc1ded7a24a2983c9888d8", size = 145657, upload-time = "2025-05-02T08:32:17.283Z" },
    { url = "https://files.pythonhosted.org/packages/92/9b/ad67f03d74554bed3aefd56fe836e1623a50780f7c998d00ca128924a499/charset_normalizer-3.4.2-cp311-cp311-manylinux_2_17_x86_64.manylinux2014_x86_64.whl", hash = "sha256:fdb20a30fe1175ecabed17cbf7812f7b804b8a315a25f24678bcdf120a90077f", size = 147260, upload-time = "2025-05-02T08:32:18.807Z" },
    { url = "https://files.pythonhosted.org/packages/a6/e6/8aebae25e328160b20e31a7e9929b1578bbdc7f42e66f46595a432f8539e/charset_normalizer-3.4.2-cp311-cp311-manylinux_2_5_i686.manylinux1_i686.manylinux_2_17_i686.manylinux2014_i686.whl", hash = "sha256:0f5d9ed7f254402c9e7d35d2f5972c9bbea9040e99cd2861bd77dc68263277c7", size = 149164, upload-time = "2025-05-02T08:32:20.333Z" },
    { url = "https://files.pythonhosted.org/packages/8b/f2/b3c2f07dbcc248805f10e67a0262c93308cfa149a4cd3d1fe01f593e5fd2/charset_normalizer-3.4.2-cp311-cp311-musllinux_1_2_aarch64.whl", hash = "sha256:efd387a49825780ff861998cd959767800d54f8308936b21025326de4b5a42b9", size = 144571, upload-time = "2025-05-02T08:32:21.86Z" },
    { url = "https://files.pythonhosted.org/packages/60/5b/c3f3a94bc345bc211622ea59b4bed9ae63c00920e2e8f11824aa5708e8b7/charset_normalizer-3.4.2-cp311-cp311-musllinux_1_2_i686.whl", hash = "sha256:f0aa37f3c979cf2546b73e8222bbfa3dc07a641585340179d768068e3455e544", size = 151952, upload-time = "2025-05-02T08:32:23.434Z" },
    { url = "https://files.pythonhosted.org/packages/e2/4d/ff460c8b474122334c2fa394a3f99a04cf11c646da895f81402ae54f5c42/charset_normalizer-3.4.2-cp311-cp311-musllinux_1_2_ppc64le.whl", hash = "sha256:e70e990b2137b29dc5564715de1e12701815dacc1d056308e2b17e9095372a82", size = 155959, upload-time = "2025-05-02T08:32:24.993Z" },
    { url = "https://files.pythonhosted.org/packages/a2/2b/b964c6a2fda88611a1fe3d4c400d39c66a42d6c169c924818c848f922415/charset_normalizer-3.4.2-cp311-cp311-musllinux_1_2_s390x.whl", hash = "sha256:0c8c57f84ccfc871a48a47321cfa49ae1df56cd1d965a09abe84066f6853b9c0", size = 153030, upload-time = "2025-05-02T08:32:26.435Z" },
    { url = "https://files.pythonhosted.org/packages/59/2e/d3b9811db26a5ebf444bc0fa4f4be5aa6d76fc6e1c0fd537b16c14e849b6/charset_normalizer-3.4.2-cp311-cp311-musllinux_1_2_x86_64.whl", hash = "sha256:6b66f92b17849b85cad91259efc341dce9c1af48e2173bf38a85c6329f1033e5", size = 148015, upload-time = "2025-05-02T08:32:28.376Z" },
    { url = "https://files.pythonhosted.org/packages/90/07/c5fd7c11eafd561bb51220d600a788f1c8d77c5eef37ee49454cc5c35575/charset_normalizer-3.4.2-cp311-cp311-win32.whl", hash = "sha256:daac4765328a919a805fa5e2720f3e94767abd632ae410a9062dff5412bae65a", size = 98106, upload-time = "2025-05-02T08:32:30.281Z" },
    { url = "https://files.pythonhosted.org/packages/a8/05/5e33dbef7e2f773d672b6d79f10ec633d4a71cd96db6673625838a4fd532/charset_normalizer-3.4.2-cp311-cp311-win_amd64.whl", hash = "sha256:e53efc7c7cee4c1e70661e2e112ca46a575f90ed9ae3fef200f2a25e954f4b28", size = 105402, upload-time = "2025-05-02T08:32:32.191Z" },
    { url = "https://files.pythonhosted.org/packages/20/94/c5790835a017658cbfabd07f3bfb549140c3ac458cfc196323996b10095a/charset_normalizer-3.4.2-py3-none-any.whl", hash = "sha256:7f56930ab0abd1c45cd15be65cc741c28b1c9a34876ce8c17a2fa107810c0af0", size = 52626, upload-time = "2025-05-02T08:34:40.053Z" },
]

[[package]]
name = "colorama"
version = "0.4.6"
source = { registry = "https://pypi.org/simple" }
sdist = { url = "https://files.pythonhosted.org/packages/d8/53/6f443c9a4a8358a93a6792e2acffb9d9d5cb0a5cfd8802644b7b1c9a02e4/colorama-0.4.6.tar.gz", hash = "sha256:08695f5cb7ed6e0531a20572697297273c47b8cae5a63ffc6d6ed5c201be6e44", size = 27697, upload-time = "2022-10-25T02:36:22.414Z" }
wheels = [
    { url = "https://files.pythonhosted.org/packages/d1/d6/3965ed04c63042e047cb6a3e6ed1a63a35087b6a609aa3a15ed8ac56c221/colorama-0.4.6-py2.py3-none-any.whl", hash = "sha256:4f1d9991f5acc0ca119f9d443620b77f9d6b33703e51011c16baf57afb285fc6", size = 25335, upload-time = "2022-10-25T02:36:20.889Z" },
]

[[package]]
name = "coverage"
version = "7.9.2"
source = { registry = "https://pypi.org/simple" }
sdist = { url = "https://files.pythonhosted.org/packages/04/b7/c0465ca253df10a9e8dae0692a4ae6e9726d245390aaef92360e1d6d3832/coverage-7.9.2.tar.gz", hash = "sha256:997024fa51e3290264ffd7492ec97d0690293ccd2b45a6cd7d82d945a4a80c8b", size = 813556, upload-time = "2025-07-03T10:54:15.101Z" }
wheels = [
    { url = "https://files.pythonhosted.org/packages/39/40/916786453bcfafa4c788abee4ccd6f592b5b5eca0cd61a32a4e5a7ef6e02/coverage-7.9.2-cp311-cp311-macosx_10_9_x86_64.whl", hash = "sha256:a7a56a2964a9687b6aba5b5ced6971af308ef6f79a91043c05dd4ee3ebc3e9ba", size = 212152, upload-time = "2025-07-03T10:52:53.562Z" },
    { url = "https://files.pythonhosted.org/packages/9f/66/cc13bae303284b546a030762957322bbbff1ee6b6cb8dc70a40f8a78512f/coverage-7.9.2-cp311-cp311-macosx_11_0_arm64.whl", hash = "sha256:123d589f32c11d9be7fe2e66d823a236fe759b0096f5db3fb1b75b2fa414a4fa", size = 212540, upload-time = "2025-07-03T10:52:55.196Z" },
    { url = "https://files.pythonhosted.org/packages/0f/3c/d56a764b2e5a3d43257c36af4a62c379df44636817bb5f89265de4bf8bd7/coverage-7.9.2-cp311-cp311-manylinux_2_17_aarch64.manylinux2014_aarch64.whl", hash = "sha256:333b2e0ca576a7dbd66e85ab402e35c03b0b22f525eed82681c4b866e2e2653a", size = 245097, upload-time = "2025-07-03T10:52:56.509Z" },
    { url = "https://files.pythonhosted.org/packages/b1/46/bd064ea8b3c94eb4ca5d90e34d15b806cba091ffb2b8e89a0d7066c45791/coverage-7.9.2-cp311-cp311-manylinux_2_5_i686.manylinux1_i686.manylinux_2_17_i686.manylinux2014_i686.whl", hash = "sha256:326802760da234baf9f2f85a39e4a4b5861b94f6c8d95251f699e4f73b1835dc", size = 242812, upload-time = "2025-07-03T10:52:57.842Z" },
    { url = "https://files.pythonhosted.org/packages/43/02/d91992c2b29bc7afb729463bc918ebe5f361be7f1daae93375a5759d1e28/coverage-7.9.2-cp311-cp311-manylinux_2_5_x86_64.manylinux1_x86_64.manylinux_2_17_x86_64.manylinux2014_x86_64.whl", hash = "sha256:19e7be4cfec248df38ce40968c95d3952fbffd57b400d4b9bb580f28179556d2", size = 244617, upload-time = "2025-07-03T10:52:59.239Z" },
    { url = "https://files.pythonhosted.org/packages/b7/4f/8fadff6bf56595a16d2d6e33415841b0163ac660873ed9a4e9046194f779/coverage-7.9.2-cp311-cp311-musllinux_1_2_aarch64.whl", hash = "sha256:0b4a4cb73b9f2b891c1788711408ef9707666501ba23684387277ededab1097c", size = 244263, upload-time = "2025-07-03T10:53:00.601Z" },
    { url = "https://files.pythonhosted.org/packages/9b/d2/e0be7446a2bba11739edb9f9ba4eff30b30d8257370e237418eb44a14d11/coverage-7.9.2-cp311-cp311-musllinux_1_2_i686.whl", hash = "sha256:2c8937fa16c8c9fbbd9f118588756e7bcdc7e16a470766a9aef912dd3f117dbd", size = 242314, upload-time = "2025-07-03T10:53:01.932Z" },
    { url = "https://files.pythonhosted.org/packages/9d/7d/dcbac9345000121b8b57a3094c2dfcf1ccc52d8a14a40c1d4bc89f936f80/coverage-7.9.2-cp311-cp311-musllinux_1_2_x86_64.whl", hash = "sha256:42da2280c4d30c57a9b578bafd1d4494fa6c056d4c419d9689e66d775539be74", size = 242904, upload-time = "2025-07-03T10:53:03.478Z" },
    { url = "https://files.pythonhosted.org/packages/41/58/11e8db0a0c0510cf31bbbdc8caf5d74a358b696302a45948d7c768dfd1cf/coverage-7.9.2-cp311-cp311-win32.whl", hash = "sha256:14fa8d3da147f5fdf9d298cacc18791818f3f1a9f542c8958b80c228320e90c6", size = 214553, upload-time = "2025-07-03T10:53:05.174Z" },
    { url = "https://files.pythonhosted.org/packages/3a/7d/751794ec8907a15e257136e48dc1021b1f671220ecccfd6c4eaf30802714/coverage-7.9.2-cp311-cp311-win_amd64.whl", hash = "sha256:549cab4892fc82004f9739963163fd3aac7a7b0df430669b75b86d293d2df2a7", size = 215441, upload-time = "2025-07-03T10:53:06.472Z" },
    { url = "https://files.pythonhosted.org/packages/62/5b/34abcedf7b946c1c9e15b44f326cb5b0da852885312b30e916f674913428/coverage-7.9.2-cp311-cp311-win_arm64.whl", hash = "sha256:c2667a2b913e307f06aa4e5677f01a9746cd08e4b35e14ebcde6420a9ebb4c62", size = 213873, upload-time = "2025-07-03T10:53:07.699Z" },
    { url = "https://files.pythonhosted.org/packages/d7/85/f8bbefac27d286386961c25515431482a425967e23d3698b75a250872924/coverage-7.9.2-pp39.pp310.pp311-none-any.whl", hash = "sha256:8a1166db2fb62473285bcb092f586e081e92656c7dfa8e9f62b4d39d7e6b5050", size = 204013, upload-time = "2025-07-03T10:54:12.084Z" },
    { url = "https://files.pythonhosted.org/packages/3c/38/bbe2e63902847cf79036ecc75550d0698af31c91c7575352eb25190d0fb3/coverage-7.9.2-py3-none-any.whl", hash = "sha256:e425cd5b00f6fc0ed7cdbd766c70be8baab4b7839e4d4fe5fac48581dd968ea4", size = 204005, upload-time = "2025-07-03T10:54:13.491Z" },
]

[[package]]
name = "etrobocon2025-comm-device-system"
version = "0.1.0"
source = { virtual = "." }
dependencies = [
    { name = "autopep8" },
    { name = "coverage" },
    { name = "pillow" },
    { name = "pycodestyle" },
    { name = "pydocstyle" },
    { name = "requests" },
]

[package.dev-dependencies]
dev = [
    { name = "pytest" },
    { name = "pytest-mock" },
]

[package.metadata]
requires-dist = [
    { name = "autopep8" },
    { name = "coverage" },
    { name = "pillow", specifier = ">=11.3.0" },
    { name = "pycodestyle" },
    { name = "pydocstyle" },
    { name = "requests", specifier = ">=2.32.4" },
]

[package.metadata.requires-dev]
dev = [
    { name = "pytest", specifier = ">=8.4.1" },
    { name = "pytest-mock", specifier = ">=3.14.1" },
]

[[package]]
name = "idna"
version = "3.10"
source = { registry = "https://pypi.org/simple" }
sdist = { url = "https://files.pythonhosted.org/packages/f1/70/7703c29685631f5a7590aa73f1f1d3fa9a380e654b86af429e0934a32f7d/idna-3.10.tar.gz", hash = "sha256:12f65c9b470abda6dc35cf8e63cc574b1c52b11df2c86030af0ac09b01b13ea9", size = 190490, upload-time = "2024-09-15T18:07:39.745Z" }
wheels = [
    { url = "https://files.pythonhosted.org/packages/76/c6/c88e154df9c4e1a2a66ccf0005a88dfb2650c1dffb6f5ce603dfbd452ce3/idna-3.10-py3-none-any.whl", hash = "sha256:946d195a0d259cbba61165e88e65941f16e9b36ea6ddb97f00452bae8b1287d3", size = 70442, upload-time = "2024-09-15T18:07:37.964Z" },
]

[[package]]
name = "iniconfig"
version = "2.1.0"
source = { registry = "https://pypi.org/simple" }
sdist = { url = "https://files.pythonhosted.org/packages/f2/97/ebf4da567aa6827c909642694d71c9fcf53e5b504f2d96afea02718862f3/iniconfig-2.1.0.tar.gz", hash = "sha256:3abbd2e30b36733fee78f9c7f7308f2d0050e88f0087fd25c2645f63c773e1c7", size = 4793, upload-time = "2025-03-19T20:09:59.721Z" }
wheels = [
    { url = "https://files.pythonhosted.org/packages/2c/e1/e6716421ea10d38022b952c159d5161ca1193197fb744506875fbb87ea7b/iniconfig-2.1.0-py3-none-any.whl", hash = "sha256:9deba5723312380e77435581c6bf4935c94cbfab9b1ed33ef8d238ea168eb760", size = 6050, upload-time = "2025-03-19T20:10:01.071Z" },
]

[[package]]
name = "packaging"
version = "25.0"
source = { registry = "https://pypi.org/simple" }
sdist = { url = "https://files.pythonhosted.org/packages/a1/d4/1fc4078c65507b51b96ca8f8c3ba19e6a61c8253c72794544580a7b6c24d/packaging-25.0.tar.gz", hash = "sha256:d443872c98d677bf60f6a1f2f8c1cb748e8fe762d2bf9d3148b5599295b0fc4f", size = 165727, upload-time = "2025-04-19T11:48:59.673Z" }
wheels = [
    { url = "https://files.pythonhosted.org/packages/20/12/38679034af332785aac8774540895e234f4d07f7545804097de4b666afd8/packaging-25.0-py3-none-any.whl", hash = "sha256:29572ef2b1f17581046b3a2227d5c611fb25ec70ca1ba8554b24b0e69331a484", size = 66469, upload-time = "2025-04-19T11:48:57.875Z" },
]

[[package]]
name = "pillow"
version = "11.3.0"
source = { registry = "https://pypi.org/simple" }
sdist = { url = "https://files.pythonhosted.org/packages/f3/0d/d0d6dea55cd152ce3d6767bb38a8fc10e33796ba4ba210cbab9354b6d238/pillow-11.3.0.tar.gz", hash = "sha256:3828ee7586cd0b2091b6209e5ad53e20d0649bbe87164a459d0676e035e8f523", size = 47113069, upload-time = "2025-07-01T09:16:30.666Z" }
wheels = [
    { url = "https://files.pythonhosted.org/packages/db/26/77f8ed17ca4ffd60e1dcd220a6ec6d71210ba398cfa33a13a1cd614c5613/pillow-11.3.0-cp311-cp311-macosx_10_10_x86_64.whl", hash = "sha256:1cd110edf822773368b396281a2293aeb91c90a2db00d78ea43e7e861631b722", size = 5316531, upload-time = "2025-07-01T09:13:59.203Z" },
    { url = "https://files.pythonhosted.org/packages/cb/39/ee475903197ce709322a17a866892efb560f57900d9af2e55f86db51b0a5/pillow-11.3.0-cp311-cp311-macosx_11_0_arm64.whl", hash = "sha256:9c412fddd1b77a75aa904615ebaa6001f169b26fd467b4be93aded278266b288", size = 4686560, upload-time = "2025-07-01T09:14:01.101Z" },
    { url = "https://files.pythonhosted.org/packages/d5/90/442068a160fd179938ba55ec8c97050a612426fae5ec0a764e345839f76d/pillow-11.3.0-cp311-cp311-manylinux2014_aarch64.manylinux_2_17_aarch64.whl", hash = "sha256:7d1aa4de119a0ecac0a34a9c8bde33f34022e2e8f99104e47a3ca392fd60e37d", size = 5870978, upload-time = "2025-07-03T13:09:55.638Z" },
    { url = "https://files.pythonhosted.org/packages/13/92/dcdd147ab02daf405387f0218dcf792dc6dd5b14d2573d40b4caeef01059/pillow-11.3.0-cp311-cp311-manylinux2014_x86_64.manylinux_2_17_x86_64.whl", hash = "sha256:91da1d88226663594e3f6b4b8c3c8d85bd504117d043740a8e0ec449087cc494", size = 7641168, upload-time = "2025-07-03T13:10:00.37Z" },
    { url = "https://files.pythonhosted.org/packages/6e/db/839d6ba7fd38b51af641aa904e2960e7a5644d60ec754c046b7d2aee00e5/pillow-11.3.0-cp311-cp311-manylinux_2_27_aarch64.manylinux_2_28_aarch64.whl", hash = "sha256:643f189248837533073c405ec2f0bb250ba54598cf80e8c1e043381a60632f58", size = 5973053, upload-time = "2025-07-01T09:14:04.491Z" },
    { url = "https://files.pythonhosted.org/packages/f2/2f/d7675ecae6c43e9f12aa8d58b6012683b20b6edfbdac7abcb4e6af7a3784/pillow-11.3.0-cp311-cp311-manylinux_2_27_x86_64.manylinux_2_28_x86_64.whl", hash = "sha256:106064daa23a745510dabce1d84f29137a37224831d88eb4ce94bb187b1d7e5f", size = 6640273, upload-time = "2025-07-01T09:14:06.235Z" },
    { url = "https://files.pythonhosted.org/packages/45/ad/931694675ede172e15b2ff03c8144a0ddaea1d87adb72bb07655eaffb654/pillow-11.3.0-cp311-cp311-musllinux_1_2_aarch64.whl", hash = "sha256:cd8ff254faf15591e724dc7c4ddb6bf4793efcbe13802a4ae3e863cd300b493e", size = 6082043, upload-time = "2025-07-01T09:14:07.978Z" },
    { url = "https://files.pythonhosted.org/packages/3a/04/ba8f2b11fc80d2dd462d7abec16351b45ec99cbbaea4387648a44190351a/pillow-11.3.0-cp311-cp311-musllinux_1_2_x86_64.whl", hash = "sha256:932c754c2d51ad2b2271fd01c3d121daaa35e27efae2a616f77bf164bc0b3e94", size = 6715516, upload-time = "2025-07-01T09:14:10.233Z" },
    { url = "https://files.pythonhosted.org/packages/48/59/8cd06d7f3944cc7d892e8533c56b0acb68399f640786313275faec1e3b6f/pillow-11.3.0-cp311-cp311-win32.whl", hash = "sha256:b4b8f3efc8d530a1544e5962bd6b403d5f7fe8b9e08227c6b255f98ad82b4ba0", size = 6274768, upload-time = "2025-07-01T09:14:11.921Z" },
    { url = "https://files.pythonhosted.org/packages/f1/cc/29c0f5d64ab8eae20f3232da8f8571660aa0ab4b8f1331da5c2f5f9a938e/pillow-11.3.0-cp311-cp311-win_amd64.whl", hash = "sha256:1a992e86b0dd7aeb1f053cd506508c0999d710a8f07b4c791c63843fc6a807ac", size = 6986055, upload-time = "2025-07-01T09:14:13.623Z" },
    { url = "https://files.pythonhosted.org/packages/c6/df/90bd886fabd544c25addd63e5ca6932c86f2b701d5da6c7839387a076b4a/pillow-11.3.0-cp311-cp311-win_arm64.whl", hash = "sha256:30807c931ff7c095620fe04448e2c2fc673fcbb1ffe2a7da3fb39613489b1ddd", size = 2423079, upload-time = "2025-07-01T09:14:15.268Z" },
    { url = "https://files.pythonhosted.org/packages/9e/e3/6fa84033758276fb31da12e5fb66ad747ae83b93c67af17f8c6ff4cc8f34/pillow-11.3.0-pp311-pypy311_pp73-macosx_10_15_x86_64.whl", hash = "sha256:7c8ec7a017ad1bd562f93dbd8505763e688d388cde6e4a010ae1486916e713e6", size = 5270566, upload-time = "2025-07-01T09:16:19.801Z" },
    { url = "https://files.pythonhosted.org/packages/5b/ee/e8d2e1ab4892970b561e1ba96cbd59c0d28cf66737fc44abb2aec3795a4e/pillow-11.3.0-pp311-pypy311_pp73-macosx_11_0_arm64.whl", hash = "sha256:9ab6ae226de48019caa8074894544af5b53a117ccb9d3b3dcb2871464c829438", size = 4654618, upload-time = "2025-07-01T09:16:21.818Z" },
    { url = "https://files.pythonhosted.org/packages/f2/6d/17f80f4e1f0761f02160fc433abd4109fa1548dcfdca46cfdadaf9efa565/pillow-11.3.0-pp311-pypy311_pp73-manylinux2014_aarch64.manylinux_2_17_aarch64.whl", hash = "sha256:fe27fb049cdcca11f11a7bfda64043c37b30e6b91f10cb5bab275806c32f6ab3", size = 4874248, upload-time = "2025-07-03T13:11:20.738Z" },
    { url = "https://files.pythonhosted.org/packages/de/5f/c22340acd61cef960130585bbe2120e2fd8434c214802f07e8c03596b17e/pillow-11.3.0-pp311-pypy311_pp73-manylinux2014_x86_64.manylinux_2_17_x86_64.whl", hash = "sha256:465b9e8844e3c3519a983d58b80be3f668e2a7a5db97f2784e7079fbc9f9822c", size = 6583963, upload-time = "2025-07-03T13:11:26.283Z" },
    { url = "https://files.pythonhosted.org/packages/31/5e/03966aedfbfcbb4d5f8aa042452d3361f325b963ebbadddac05b122e47dd/pillow-11.3.0-pp311-pypy311_pp73-manylinux_2_27_aarch64.manylinux_2_28_aarch64.whl", hash = "sha256:5418b53c0d59b3824d05e029669efa023bbef0f3e92e75ec8428f3799487f361", size = 4957170, upload-time = "2025-07-01T09:16:23.762Z" },
    { url = "https://files.pythonhosted.org/packages/cc/2d/e082982aacc927fc2cab48e1e731bdb1643a1406acace8bed0900a61464e/pillow-11.3.0-pp311-pypy311_pp73-manylinux_2_27_x86_64.manylinux_2_28_x86_64.whl", hash = "sha256:504b6f59505f08ae014f724b6207ff6222662aab5cc9542577fb084ed0676ac7", size = 5581505, upload-time = "2025-07-01T09:16:25.593Z" },
    { url = "https://files.pythonhosted.org/packages/34/e7/ae39f538fd6844e982063c3a5e4598b8ced43b9633baa3a85ef33af8c05c/pillow-11.3.0-pp311-pypy311_pp73-win_amd64.whl", hash = "sha256:c84d689db21a1c397d001aa08241044aa2069e7587b398c8cc63020390b1c1b8", size = 6984598, upload-time = "2025-07-01T09:16:27.732Z" },
]

[[package]]
name = "pluggy"
version = "1.6.0"
source = { registry = "https://pypi.org/simple" }
sdist = { url = "https://files.pythonhosted.org/packages/f9/e2/3e91f31a7d2b083fe6ef3fa267035b518369d9511ffab804f839851d2779/pluggy-1.6.0.tar.gz", hash = "sha256:7dcc130b76258d33b90f61b658791dede3486c3e6bfb003ee5c9bfb396dd22f3", size = 69412, upload-time = "2025-05-15T12:30:07.975Z" }
wheels = [
    { url = "https://files.pythonhosted.org/packages/54/20/4d324d65cc6d9205fabedc306948156824eb9f0ee1633355a8f7ec5c66bf/pluggy-1.6.0-py3-none-any.whl", hash = "sha256:e920276dd6813095e9377c0bc5566d94c932c33b27a3e3945d8389c374dd4746", size = 20538, upload-time = "2025-05-15T12:30:06.134Z" },
]

[[package]]
name = "pycodestyle"
version = "2.14.0"
source = { registry = "https://pypi.org/simple" }
sdist = { url = "https://files.pythonhosted.org/packages/11/e0/abfd2a0d2efe47670df87f3e3a0e2edda42f055053c85361f19c0e2c1ca8/pycodestyle-2.14.0.tar.gz", hash = "sha256:c4b5b517d278089ff9d0abdec919cd97262a3367449ea1c8b49b91529167b783", size = 39472, upload-time = "2025-06-20T18:49:48.75Z" }
wheels = [
    { url = "https://files.pythonhosted.org/packages/d7/27/a58ddaf8c588a3ef080db9d0b7e0b97215cee3a45df74f3a94dbbf5c893a/pycodestyle-2.14.0-py2.py3-none-any.whl", hash = "sha256:dd6bf7cb4ee77f8e016f9c8e74a35ddd9f67e1d5fd4184d86c3b98e07099f42d", size = 31594, upload-time = "2025-06-20T18:49:47.491Z" },
]

[[package]]
name = "pydocstyle"
version = "6.3.0"
source = { registry = "https://pypi.org/simple" }
dependencies = [
    { name = "snowballstemmer" },
]
sdist = { url = "https://files.pythonhosted.org/packages/e9/5c/d5385ca59fd065e3c6a5fe19f9bc9d5ea7f2509fa8c9c22fb6b2031dd953/pydocstyle-6.3.0.tar.gz", hash = "sha256:7ce43f0c0ac87b07494eb9c0b462c0b73e6ff276807f204d6b53edc72b7e44e1", size = 36796, upload-time = "2023-01-17T20:29:19.838Z" }
wheels = [
    { url = "https://files.pythonhosted.org/packages/36/ea/99ddefac41971acad68f14114f38261c1f27dac0b3ec529824ebc739bdaa/pydocstyle-6.3.0-py3-none-any.whl", hash = "sha256:118762d452a49d6b05e194ef344a55822987a462831ade91ec5c06fd2169d019", size = 38038, upload-time = "2023-01-17T20:29:18.094Z" },
]

[[package]]
name = "pygments"
version = "2.19.2"
source = { registry = "https://pypi.org/simple" }
sdist = { url = "https://files.pythonhosted.org/packages/b0/77/a5b8c569bf593b0140bde72ea885a803b82086995367bf2037de0159d924/pygments-2.19.2.tar.gz", hash = "sha256:636cb2477cec7f8952536970bc533bc43743542f70392ae026374600add5b887", size = 4968631, upload-time = "2025-06-21T13:39:12.283Z" }
wheels = [
    { url = "https://files.pythonhosted.org/packages/c7/21/705964c7812476f378728bdf590ca4b771ec72385c533964653c68e86bdc/pygments-2.19.2-py3-none-any.whl", hash = "sha256:86540386c03d588bb81d44bc3928634ff26449851e99741617ecb9037ee5ec0b", size = 1225217, upload-time = "2025-06-21T13:39:07.939Z" },
]

[[package]]
name = "pytest"
version = "8.4.1"
source = { registry = "https://pypi.org/simple" }
dependencies = [
    { name = "colorama", marker = "sys_platform == 'win32'" },
    { name = "iniconfig" },
    { name = "packaging" },
    { name = "pluggy" },
    { name = "pygments" },
]
sdist = { url = "https://files.pythonhosted.org/packages/08/ba/45911d754e8eba3d5a841a5ce61a65a685ff1798421ac054f85aa8747dfb/pytest-8.4.1.tar.gz", hash = "sha256:7c67fd69174877359ed9371ec3af8a3d2b04741818c51e5e99cc1742251fa93c", size = 1517714, upload-time = "2025-06-18T05:48:06.109Z" }
wheels = [
    { url = "https://files.pythonhosted.org/packages/29/16/c8a903f4c4dffe7a12843191437d7cd8e32751d5de349d45d3fe69544e87/pytest-8.4.1-py3-none-any.whl", hash = "sha256:539c70ba6fcead8e78eebbf1115e8b589e7565830d7d006a8723f19ac8a0afb7", size = 365474, upload-time = "2025-06-18T05:48:03.955Z" },
]

[[package]]
name = "pytest-mock"
version = "3.14.1"
source = { registry = "https://pypi.org/simple" }
dependencies = [
    { name = "pytest" },
]
sdist = { url = "https://files.pythonhosted.org/packages/71/28/67172c96ba684058a4d24ffe144d64783d2a270d0af0d9e792737bddc75c/pytest_mock-3.14.1.tar.gz", hash = "sha256:159e9edac4c451ce77a5cdb9fc5d1100708d2dd4ba3c3df572f14097351af80e", size = 33241, upload-time = "2025-05-26T13:58:45.167Z" }
wheels = [
    { url = "https://files.pythonhosted.org/packages/b2/05/77b60e520511c53d1c1ca75f1930c7dd8e971d0c4379b7f4b3f9644685ba/pytest_mock-3.14.1-py3-none-any.whl", hash = "sha256:178aefcd11307d874b4cd3100344e7e2d888d9791a6a1d9bfe90fbc1b74fd1d0", size = 9923, upload-time = "2025-05-26T13:58:43.487Z" },
]

[[package]]
name = "requests"
version = "2.32.4"
source = { registry = "https://pypi.org/simple" }
dependencies = [
    { name = "certifi" },
    { name = "charset-normalizer" },
    { name = "idna" },
    { name = "urllib3" },
]
sdist = { url = "https://files.pythonhosted.org/packages/e1/0a/929373653770d8a0d7ea76c37de6e41f11eb07559b103b1c02cafb3f7cf8/requests-2.32.4.tar.gz", hash = "sha256:27d0316682c8a29834d3264820024b62a36942083d52caf2f14c0591336d3422", size = 135258, upload-time = "2025-06-09T16:43:07.34Z" }
wheels = [
    { url = "https://files.pythonhosted.org/packages/7c/e4/56027c4a6b4ae70ca9de302488c5ca95ad4a39e190093d6c1a8ace08341b/requests-2.32.4-py3-none-any.whl", hash = "sha256:27babd3cda2a6d50b30443204ee89830707d396671944c998b5975b031ac2b2c", size = 64847, upload-time = "2025-06-09T16:43:05.728Z" },
]

[[package]]
name = "snowballstemmer"
version = "3.0.1"
source = { registry = "https://pypi.org/simple" }
sdist = { url = "https://files.pythonhosted.org/packages/75/a7/9810d872919697c9d01295633f5d574fb416d47e535f258272ca1f01f447/snowballstemmer-3.0.1.tar.gz", hash = "sha256:6d5eeeec8e9f84d4d56b847692bacf79bc2c8e90c7f80ca4444ff8b6f2e52895", size = 105575, upload-time = "2025-05-09T16:34:51.843Z" }
wheels = [
    { url = "https://files.pythonhosted.org/packages/c8/78/3565d011c61f5a43488987ee32b6f3f656e7f107ac2782dd57bdd7d91d9a/snowballstemmer-3.0.1-py3-none-any.whl", hash = "sha256:6cd7b3897da8d6c9ffb968a6781fa6532dce9c3618a4b127d920dab764a19064", size = 103274, upload-time = "2025-05-09T16:34:50.371Z" },
]

[[package]]
name = "urllib3"
version = "2.5.0"
source = { registry = "https://pypi.org/simple" }
sdist = { url = "https://files.pythonhosted.org/packages/15/22/9ee70a2574a4f4599c47dd506532914ce044817c7752a79b6a51286319bc/urllib3-2.5.0.tar.gz", hash = "sha256:3fc47733c7e419d4bc3f6b3dc2b4f890bb743906a30d56ba4a5bfa4bbff92760", size = 393185, upload-time = "2025-06-18T14:07:41.644Z" }
wheels = [
    { url = "https://files.pythonhosted.org/packages/a7/c2/fe1e52489ae3122415c51f387e221dd0773709bad6c6cdaa599e8a2c5185/urllib3-2.5.0-py3-none-any.whl", hash = "sha256:e6b01673c0fa6a13e374b50871808eb3bf7046c4b125b216f6bf1cc604cff0dc", size = 129795, upload-time = "2025-06-18T14:07:40.39Z" },
]
